// !$*UTF8*$!
{
	archiveVersion = 1;
	classes = {
	};
	objectVersion = 48;
	objects = {

/* Begin PBXBuildFile section */
		2505E6732087F4080001611B /* AppDelegate.swift in Sources */ = {isa = PBXBuildFile; fileRef = 2505E6722087F4080001611B /* AppDelegate.swift */; };
		2505E6752087F4080001611B /* ViewController.swift in Sources */ = {isa = PBXBuildFile; fileRef = 2505E6742087F4080001611B /* ViewController.swift */; };
		2505E6782087F4080001611B /* Main.storyboard in Resources */ = {isa = PBXBuildFile; fileRef = 2505E6762087F4080001611B /* Main.storyboard */; };
		2505E67A2087F4080001611B /* Assets.xcassets in Resources */ = {isa = PBXBuildFile; fileRef = 2505E6792087F4080001611B /* Assets.xcassets */; };
		2505E67D2087F4080001611B /* LaunchScreen.storyboard in Resources */ = {isa = PBXBuildFile; fileRef = 2505E67B2087F4080001611B /* LaunchScreen.storyboard */; };
		2505E6862087F6A70001611B /* morning.jpg in Resources */ = {isa = PBXBuildFile; fileRef = 2505E6852087F6A70001611B /* morning.jpg */; };
		2505E6882087FB0B0001611B /* Pocket_Calculator in Resources */ = {isa = PBXBuildFile; fileRef = 2505E6872087FB0A0001611B /* Pocket_Calculator */; };
		25C9BA1C208A4211008B12ED /* lunch.png in Resources */ = {isa = PBXBuildFile; fileRef = 25C9BA19208A4211008B12ED /* lunch.png */; };
		25C9BA1D208A4211008B12ED /* breakfast.jpg in Resources */ = {isa = PBXBuildFile; fileRef = 25C9BA1A208A4211008B12ED /* breakfast.jpg */; };
		25C9BA1E208A4211008B12ED /* dinner.png in Resources */ = {isa = PBXBuildFile; fileRef = 25C9BA1B208A4211008B12ED /* dinner.png */; };
/* End PBXBuildFile section */

/* Begin PBXFileReference section */
		2505E66F2087F4080001611B /* ClockApp.app */ = {isa = PBXFileReference; explicitFileType = wrapper.application; includeInIndex = 0; path = ClockApp.app; sourceTree = BUILT_PRODUCTS_DIR; };
		2505E6722087F4080001611B /* AppDelegate.swift */ = {isa = PBXFileReference; lastKnownFileType = sourcecode.swift; path = AppDelegate.swift; sourceTree = "<group>"; };
		2505E6742087F4080001611B /* ViewController.swift */ = {isa = PBXFileReference; lastKnownFileType = sourcecode.swift; path = ViewController.swift; sourceTree = "<group>"; };
		2505E6772087F4080001611B /* Base */ = {isa = PBXFileReference; lastKnownFileType = file.storyboard; name = Base; path = Base.lproj/Main.storyboard; sourceTree = "<group>"; };
		2505E6792087F4080001611B /* Assets.xcassets */ = {isa = PBXFileReference; lastKnownFileType = folder.assetcatalog; path = Assets.xcassets; sourceTree = "<group>"; };
		2505E67C2087F4080001611B /* Base */ = {isa = PBXFileReference; lastKnownFileType = file.storyboard; name = Base; path = Base.lproj/LaunchScreen.storyboard; sourceTree = "<group>"; };
		2505E67E2087F4080001611B /* Info.plist */ = {isa = PBXFileReference; lastKnownFileType = text.plist.xml; path = Info.plist; sourceTree = "<group>"; };
		2505E6852087F6A70001611B /* morning.jpg */ = {isa = PBXFileReference; lastKnownFileType = image.jpeg; path = morning.jpg; sourceTree = "<group>"; };
		2505E6872087FB0A0001611B /* Pocket_Calculator */ = {isa = PBXFileReference; lastKnownFileType = folder; path = Pocket_Calculator; sourceTree = "<group>"; };
		25C9BA19208A4211008B12ED /* lunch.png */ = {isa = PBXFileReference; lastKnownFileType = image.png; path = lunch.png; sourceTree = "<group>"; };
		25C9BA1A208A4211008B12ED /* breakfast.jpg */ = {isa = PBXFileReference; lastKnownFileType = image.jpeg; path = breakfast.jpg; sourceTree = "<group>"; };
		25C9BA1B208A4211008B12ED /* dinner.png */ = {isa = PBXFileReference; lastKnownFileType = image.png; path = dinner.png; sourceTree = "<group>"; };
/* End PBXFileReference section */

/* Begin PBXFrameworksBuildPhase section */
		2505E66C2087F4080001611B /* Frameworks */ = {
			isa = PBXFrameworksBuildPhase;
			buildActionMask = 2147483647;
			files = (
			);
			runOnlyForDeploymentPostprocessing = 0;
		};
/* End PBXFrameworksBuildPhase section */

/* Begin PBXGroup section */
		2505E6662087F4080001611B = {
			isa = PBXGroup;
			children = (
				2505E6712087F4080001611B /* ClockApp */,
				2505E6702087F4080001611B /* Products */,
			);
			sourceTree = "<group>";
		};
		2505E6702087F4080001611B /* Products */ = {
			isa = PBXGroup;
			children = (
				2505E66F2087F4080001611B /* ClockApp.app */,
			);
			name = Products;
			sourceTree = "<group>";
		};
		2505E6712087F4080001611B /* ClockApp */ = {
			isa = PBXGroup;
			children = (
				2505E6842087F4570001611B /* Supporting Files */,
				2505E6742087F4080001611B /* ViewController.swift */,
				2505E6762087F4080001611B /* Main.storyboard */,
				2505E67E2087F4080001611B /* Info.plist */,
			);
			path = ClockApp;
			sourceTree = "<group>";
		};
		2505E6842087F4570001611B /* Supporting Files */ = {
			isa = PBXGroup;
			children = (
				25C9BA1A208A4211008B12ED /* breakfast.jpg */,
				25C9BA1B208A4211008B12ED /* dinner.png */,
				25C9BA19208A4211008B12ED /* lunch.png */,
				2505E6872087FB0A0001611B /* Pocket_Calculator */,
				2505E6852087F6A70001611B /* morning.jpg */,
				2505E6722087F4080001611B /* AppDelegate.swift */,
				2505E6792087F4080001611B /* Assets.xcassets */,
				2505E67B2087F4080001611B /* LaunchScreen.storyboard */,
			);
			path = "Supporting Files";
			sourceTree = "<group>";
		};
/* End PBXGroup section */

/* Begin PBXNativeTarget section */
		2505E66E2087F4080001611B /* ClockApp */ = {
			isa = PBXNativeTarget;
			buildConfigurationList = 2505E6812087F4080001611B /* Build configuration list for PBXNativeTarget "ClockApp" */;
			buildPhases = (
				2505E66B2087F4080001611B /* Sources */,
				2505E66C2087F4080001611B /* Frameworks */,
				2505E66D2087F4080001611B /* Resources */,
			);
			buildRules = (
			);
			dependencies = (
			);
			name = ClockApp;
			productName = ClockApp;
			productReference = 2505E66F2087F4080001611B /* ClockApp.app */;
			productType = "com.apple.product-type.application";
		};
/* End PBXNativeTarget section */

/* Begin PBXProject section */
		2505E6672087F4080001611B /* Project object */ = {
			isa = PBXProject;
			attributes = {
				LastSwiftUpdateCheck = 0910;
				LastUpgradeCheck = 0910;
				ORGANIZATIONNAME = NJ0303;
				TargetAttributes = {
					2505E66E2087F4080001611B = {
						CreatedOnToolsVersion = 9.1;
						ProvisioningStyle = Automatic;
					};
				};
			};
			buildConfigurationList = 2505E66A2087F4080001611B /* Build configuration list for PBXProject "ClockApp" */;
			compatibilityVersion = "Xcode 8.0";
			developmentRegion = en;
			hasScannedForEncodings = 0;
			knownRegions = (
				en,
				Base,
			);
			mainGroup = 2505E6662087F4080001611B;
			productRefGroup = 2505E6702087F4080001611B /* Products */;
			projectDirPath = "";
			projectRoot = "";
			targets = (
				2505E66E2087F4080001611B /* ClockApp */,
			);
		};
/* End PBXProject section */

/* Begin PBXResourcesBuildPhase section */
		2505E66D2087F4080001611B /* Resources */ = {
			isa = PBXResourcesBuildPhase;
			buildActionMask = 2147483647;
			files = (
				2505E6862087F6A70001611B /* morning.jpg in Resources */,
				2505E67D2087F4080001611B /* LaunchScreen.storyboard in Resources */,
				2505E67A2087F4080001611B /* Assets.xcassets in Resources */,
				2505E6882087FB0B0001611B /* Pocket_Calculator in Resources */,
				25C9BA1D208A4211008B12ED /* breakfast.jpg in Resources */,
				25C9BA1E208A4211008B12ED /* dinner.png in Resources */,
				25C9BA1C208A4211008B12ED /* lunch.png in Resources */,
				2505E6782087F4080001611B /* Main.storyboard in Resources */,
			);
			runOnlyForDeploymentPostprocessing = 0;
		};
/* End PBXResourcesBuildPhase section */

/* Begin PBXSourcesBuildPhase section */
		2505E66B2087F4080001611B /* Sources */ = {
			isa = PBXSourcesBuildPhase;
			buildActionMask = 2147483647;
			files = (
				2505E6752087F4080001611B /* ViewController.swift in Sources */,
				2505E6732087F4080001611B /* AppDelegate.swift in Sources */,
			);
			runOnlyForDeploymentPostprocessing = 0;
		};
/* End PBXSourcesBuildPhase section */

/* Begin PBXVariantGroup section */
		2505E6762087F4080001611B /* Main.storyboard */ = {
			isa = PBXVariantGroup;
			children = (
				2505E6772087F4080001611B /* Base */,
			);
			name = Main.storyboard;
			sourceTree = "<group>";
		};
		2505E67B2087F4080001611B /* LaunchScreen.storyboard */ = {
			isa = PBXVariantGroup;
			children = (
				2505E67C2087F4080001611B /* Base */,
			);
			name = LaunchScreen.storyboard;
			sourceTree = "<group>";
		};
/* End PBXVariantGroup section */

/* Begin XCBuildConfiguration section */
		2505E67F2087F4080001611B /* Debug */ = {
			isa = XCBuildConfiguration;
			buildSettings = {
				ALWAYS_SEARCH_USER_PATHS = NO;
				CLANG_ANALYZER_NONNULL = YES;
				CLANG_ANALYZER_NUMBER_OBJECT_CONVERSION = YES_AGGRESSIVE;
				CLANG_CXX_LANGUAGE_STANDARD = "gnu++14";
				CLANG_CXX_LIBRARY = "libc++";
				CLANG_ENABLE_MODULES = YES;
				CLANG_ENABLE_OBJC_ARC = YES;
				CLANG_WARN_BLOCK_CAPTURE_AUTORELEASING = YES;
				CLANG_WARN_BOOL_CONVERSION = YES;
				CLANG_WARN_COMMA = YES;
				CLANG_WARN_CONSTANT_CONVERSION = YES;
				CLANG_WARN_DIRECT_OBJC_ISA_USAGE = YES_ERROR;
				CLANG_WARN_DOCUMENTATION_COMMENTS = YES;
				CLANG_WARN_EMPTY_BODY = YES;
				CLANG_WARN_ENUM_CONVERSION = YES;
				CLANG_WARN_INFINITE_RECURSION = YES;
				CLANG_WARN_INT_CONVERSION = YES;
				CLANG_WARN_NON_LITERAL_NULL_CONVERSION = YES;
				CLANG_WARN_OBJC_LITERAL_CONVERSION = YES;
				CLANG_WARN_OBJC_ROOT_CLASS = YES_ERROR;
				CLANG_WARN_RANGE_LOOP_ANALYSIS = YES;
				CLANG_WARN_STRICT_PROTOTYPES = YES;
				CLANG_WARN_SUSPICIOUS_MOVE = YES;
				CLANG_WARN_UNGUARDED_AVAILABILITY = YES_AGGRESSIVE;
				CLANG_WARN_UNREACHABLE_CODE = YES;
				CLANG_WARN__DUPLICATE_METHOD_MATCH = YES;
				CODE_SIGN_IDENTITY = "iPhone Developer";
				COPY_PHASE_STRIP = NO;
				DEBUG_INFORMATION_FORMAT = dwarf;
				ENABLE_STRICT_OBJC_MSGSEND = YES;
				ENABLE_TESTABILITY = YES;
				GCC_C_LANGUAGE_STANDARD = gnu11;
				GCC_DYNAMIC_NO_PIC = NO;
				GCC_NO_COMMON_BLOCKS = YES;
				GCC_OPTIMIZATION_LEVEL = 0;
				GCC_PREPROCESSOR_DEFINITIONS = (
					"DEBUG=1",
					"$(inherited)",
				);
				GCC_WARN_64_TO_32_BIT_CONVERSION = YES;
				GCC_WARN_ABOUT_RETURN_TYPE = YES_ERROR;
				GCC_WARN_UNDECLARED_SELECTOR = YES;
				GCC_WARN_UNINITIALIZED_AUTOS = YES_AGGRESSIVE;
				GCC_WARN_UNUSED_FUNCTION = YES;
				GCC_WARN_UNUSED_VARIABLE = YES;
				IPHONEOS_DEPLOYMENT_TARGET = 11.1;
				MTL_ENABLE_DEBUG_INFO = YES;
				ONLY_ACTIVE_ARCH = YES;
				SDKROOT = iphoneos;
				SWIFT_ACTIVE_COMPILATION_CONDITIONS = DEBUG;
				SWIFT_OPTIMIZATION_LEVEL = "-Onone";
			};
			name = Debug;
		};
		2505E6802087F4080001611B /* Release */ = {
			isa = XCBuildConfiguration;
			buildSettings = {
				ALWAYS_SEARCH_USER_PATHS = NO;
				CLANG_ANALYZER_NONNULL = YES;
				CLANG_ANALYZER_NUMBER_OBJECT_CONVERSION = YES_AGGRESSIVE;
				CLANG_CXX_LANGUAGE_STANDARD = "gnu++14";
				CLANG_CXX_LIBRARY = "libc++";
				CLANG_ENABLE_MODULES = YES;
				CLANG_ENABLE_OBJC_ARC = YES;
				CLANG_WARN_BLOCK_CAPTURE_AUTORELEASING = YES;
				CLANG_WARN_BOOL_CONVERSION = YES;
				CLANG_WARN_COMMA = YES;
				CLANG_WARN_CONSTANT_CONVERSION = YES;
				CLANG_WARN_DIRECT_OBJC_ISA_USAGE = YES_ERROR;
				CLANG_WARN_DOCUMENTATION_COMMENTS = YES;
				CLANG_WARN_EMPTY_BODY = YES;
				CLANG_WARN_ENUM_CONVERSION = YES;
				CLANG_WARN_INFINITE_RECURSION = YES;
				CLANG_WARN_INT_CONVERSION = YES;
				CLANG_WARN_NON_LITERAL_NULL_CONVERSION = YES;
				CLANG_WARN_OBJC_LITERAL_CONVERSION = YES;
				CLANG_WARN_OBJC_ROOT_CLASS = YES_ERROR;
				CLANG_WARN_RANGE_LOOP_ANALYSIS = YES;
				CLANG_WARN_STRICT_PROTOTYPES = YES;
				CLANG_WARN_SUSPICIOUS_MOVE = YES;
				CLANG_WARN_UNGUARDED_AVAILABILITY = YES_AGGRESSIVE;
				CLANG_WARN_UNREACHABLE_CODE = YES;
				CLANG_WARN__DUPLICATE_METHOD_MATCH = YES;
				CODE_SIGN_IDENTITY = "iPhone Developer";
				COPY_PHASE_STRIP = NO;
				DEBUG_INFORMATION_FORMAT = "dwarf-with-dsym";
				ENABLE_NS_ASSERTIONS = NO;
				ENABLE_STRICT_OBJC_MSGSEND = YES;
				GCC_C_LANGUAGE_STANDARD = gnu11;
				GCC_NO_COMMON_BLOCKS = YES;
				GCC_WARN_64_TO_32_BIT_CONVERSION = YES;
				GCC_WARN_ABOUT_RETURN_TYPE = YES_ERROR;
				GCC_WARN_UNDECLARED_SELECTOR = YES;
				GCC_WARN_UNINITIALIZED_AUTOS = YES_AGGRESSIVE;
				GCC_WARN_UNUSED_FUNCTION = YES;
				GCC_WARN_UNUSED_VARIABLE = YES;
				IPHONEOS_DEPLOYMENT_TARGET = 11.1;
				MTL_ENABLE_DEBUG_INFO = NO;
				SDKROOT = iphoneos;
				SWIFT_OPTIMIZATION_LEVEL = "-Owholemodule";
				VALIDATE_PRODUCT = YES;
			};
			name = Release;
		};
		2505E6822087F4080001611B /* Debug */ = {
			isa = XCBuildConfiguration;
			buildSettings = {
				ASSETCATALOG_COMPILER_APPICON_NAME = AppIcon;
				CODE_SIGN_STYLE = Automatic;
				DEVELOPMENT_TEAM = MEK344T6E6;
				INFOPLIST_FILE = ClockApp/Info.plist;
				LD_RUNPATH_SEARCH_PATHS = "$(inherited) @executable_path/Frameworks";
				PRODUCT_BUNDLE_IDENTIFIER = com.NJ0303.ClockApp;
				PRODUCT_NAME = "$(TARGET_NAME)";
				SWIFT_VERSION = 4.0;
				TARGETED_DEVICE_FAMILY = "1,2";
			};
			name = Debug;
		};
		2505E6832087F4080001611B /* Release */ = {
			isa = XCBuildConfiguration;
			buildSettings = {
				ASSETCATALOG_COMPILER_APPICON_NAME = AppIcon;
				CODE_SIGN_STYLE = Automatic;
				DEVELOPMENT_TEAM = MEK344T6E6;
				INFOPLIST_FILE = ClockApp/Info.plist;
				LD_RUNPATH_SEARCH_PATHS = "$(inherited) @executable_path/Frameworks";
				PRODUCT_BUNDLE_IDENTIFIER = com.NJ0303.ClockApp;
				PRODUCT_NAME = "$(TARGET_NAME)";
				SWIFT_VERSION = 4.0;
				TARGETED_DEVICE_FAMILY = "1,2";
			};
			name = Release;
		};
/* End XCBuildConfiguration section */

/* Begin XCConfigurationList section */
		2505E66A2087F4080001611B /* Build configuration list for PBXProject "ClockApp" */ = {
			isa = XCConfigurationList;
			buildConfigurations = (
				2505E67F2087F4080001611B /* Debug */,
				2505E6802087F4080001611B /* Release */,
			);
			defaultConfigurationIsVisible = 0;
			defaultConfigurationName = Release;
		};
		2505E6812087F4080001611B /* Build configuration list for PBXNativeTarget "ClockApp" */ = {
			isa = XCConfigurationList;
			buildConfigurations = (
				2505E6822087F4080001611B /* Debug */,
				2505E6832087F4080001611B /* Release */,
			);
			defaultConfigurationIsVisible = 0;
			defaultConfigurationName = Release;
		};
/* End XCConfigurationList section */
	};
	rootObject = 2505E6672087F4080001611B /* Project object */;
}
